{
  "name": "ballast",
  "lockfileVersion": 3,
  "requires": true,
  "packages": {
    "": {
      "name": "ballast",
      "license": "MIT",
      "dependencies": {
        "@openzeppelin/contracts": "5.5.0",
        "@somnia-chain/reactivity-contracts": "0.2.1"
      }
    },
    "node_modules/@openzeppelin/contracts": {
      "version": "5.5.0",
      "resolved": "https://registry.npmjs.org/@openzeppelin/contracts/-/contracts-5.5.0.tgz",
      "integrity": "sha512-R8hq4zmKKWP2c7OxeRgAcjZwvF5W0Qq2OIX7degrtdM52Q9xYr4MLJdUAVPKGUewNJ1qo+M6YiZLLnNUnjP/gg==",
      "license": "MIT"
    },
    "node_modules/@somnia-chain/reactivity-contracts": {
      "version": "0.2.1",
      "resolved": "https://registry.npmjs.org/@somnia-chain/reactivity-contracts/-/reactivity-contracts-0.2.1.tgz",
      "integrity": "sha512-5F+whWQz9nTvP/3Mml/NZqF2+SBDHR6GZ1EEeZQlqpvnltNzA3y0y6gfm7axWIKBTuXcPgToYOF7TX6C4LoUbA==",
      "license": "MIT"
    }
  }
}
